
Microsoft Visual Studio Solution File, Format Version 12.00
# Visual Studio Version 17
VisualStudioVersion = 17.7.34024.191
MinimumVisualStudioVersion = 10.0.40219.1
Project("{FAE04EC0-301F-11D3-BF4B-00C04F79EFBC}") = "Project2", "Project2.csproj", "{90D1062F-2F7D-4EBE-861F-0E38D87863FF}"
EndProject
Global
	GlobalSection(SolutionConfigurationPlatforms) = preSolution
		Debug|Any CPU = Debug|Any CPU
		Release|Any CPU = Release|Any CPU
	EndGlobalSection
	GlobalSection(ProjectConfigurationPlatforms) = postSolution
		{90D1062F-2F7D-4EBE-861F-0E38D87863FF}.Debug|Any CPU.ActiveCfg = Debug|Any CPU
		{90D1062F-2F7D-4EBE-861F-0E38D87863FF}.Debug|Any CPU.Build.0 = Debug|Any CPU
		{90D1062F-2F7D-4EBE-861F-0E38D87863FF}.Release|Any CPU.ActiveCfg = Release|Any CPU
		{90D1062F-2F7D-4EBE-861F-0E38D87863FF}.Release|Any CPU.Build.0 = Release|Any CPU
	EndGlobalSection
	GlobalSection(SolutionProperties) = preSolution
		HideSolutionNode = FALSE
	EndGlobalSection
	GlobalSection(ExtensibilityGlobals) = postSolution
		SolutionGuid = {25EE1E3C-4072-4246-ACA6-A920BBE79D04}
	EndGlobalSection
EndGlobal
